
Microsoft Visual Studio Solution File, Format Version 12.00
# Visual Studio Version 17
VisualStudioVersion = 17.3.32901.215
MinimumVisualStudioVersion = 10.0.40219.1
Project("{FAE04EC0-301F-11D3-BF4B-00C04F79EFBC}") = "MVCBlog.Web", "MVCBlog.Web\MVCBlog.Web.csproj", "{80F6E67C-E25C-4086-B3B4-974A7CDA3249}"
EndProject
Project("{FAE04EC0-301F-11D3-BF4B-00C04F79EFBC}") = "MVCBlog.Entity", "MVCBlog.Entity\MVCBlog.Entity.csproj", "{0854031D-A8F3-4BDB-94A6-0C6F4EBD326D}"
EndProject
Project("{FAE04EC0-301F-11D3-BF4B-00C04F79EFBC}") = "MVCBlog.Data", "MVCBlog.Data\MVCBlog.Data.csproj", "{955AA511-BEEF-4AA8-9F5C-E696CFF39F2D}"
EndProject
Project("{FAE04EC0-301F-11D3-BF4B-00C04F79EFBC}") = "MVCBlog.Service", "MVCBlog.Service\MVCBlog.Service.csproj", "{9EBDD9C6-4E3C-4319-A8BB-2F775344B806}"
EndProject
Project("{FAE04EC0-301F-11D3-BF4B-00C04F79EFBC}") = "MVCBlog.Core", "MVCBlog.Core\MVCBlog.Core.csproj", "{9053D519-06BE-41BF-B079-B5CF8B2A89A3}"
EndProject
Global
	GlobalSection(SolutionConfigurationPlatforms) = preSolution
		Debug|Any CPU = Debug|Any CPU
		Release|Any CPU = Release|Any CPU
	EndGlobalSection
	GlobalSection(ProjectConfigurationPlatforms) = postSolution
		{80F6E67C-E25C-4086-B3B4-974A7CDA3249}.Debug|Any CPU.ActiveCfg = Debug|Any CPU
		{80F6E67C-E25C-4086-B3B4-974A7CDA3249}.Debug|Any CPU.Build.0 = Debug|Any CPU
		{80F6E67C-E25C-4086-B3B4-974A7CDA3249}.Release|Any CPU.ActiveCfg = Release|Any CPU
		{80F6E67C-E25C-4086-B3B4-974A7CDA3249}.Release|Any CPU.Build.0 = Release|Any CPU
		{0854031D-A8F3-4BDB-94A6-0C6F4EBD326D}.Debug|Any CPU.ActiveCfg = Debug|Any CPU
		{0854031D-A8F3-4BDB-94A6-0C6F4EBD326D}.Debug|Any CPU.Build.0 = Debug|Any CPU
		{0854031D-A8F3-4BDB-94A6-0C6F4EBD326D}.Release|Any CPU.ActiveCfg = Release|Any CPU
		{0854031D-A8F3-4BDB-94A6-0C6F4EBD326D}.Release|Any CPU.Build.0 = Release|Any CPU
		{955AA511-BEEF-4AA8-9F5C-E696CFF39F2D}.Debug|Any CPU.ActiveCfg = Debug|Any CPU
		{955AA511-BEEF-4AA8-9F5C-E696CFF39F2D}.Debug|Any CPU.Build.0 = Debug|Any CPU
		{955AA511-BEEF-4AA8-9F5C-E696CFF39F2D}.Release|Any CPU.ActiveCfg = Release|Any CPU
		{955AA511-BEEF-4AA8-9F5C-E696CFF39F2D}.Release|Any CPU.Build.0 = Release|Any CPU
		{9EBDD9C6-4E3C-4319-A8BB-2F775344B806}.Debug|Any CPU.ActiveCfg = Debug|Any CPU
		{9EBDD9C6-4E3C-4319-A8BB-2F775344B806}.Debug|Any CPU.Build.0 = Debug|Any CPU
		{9EBDD9C6-4E3C-4319-A8BB-2F775344B806}.Release|Any CPU.ActiveCfg = Release|Any CPU
		{9EBDD9C6-4E3C-4319-A8BB-2F775344B806}.Release|Any CPU.Build.0 = Release|Any CPU
		{9053D519-06BE-41BF-B079-B5CF8B2A89A3}.Debug|Any CPU.ActiveCfg = Debug|Any CPU
		{9053D519-06BE-41BF-B079-B5CF8B2A89A3}.Debug|Any CPU.Build.0 = Debug|Any CPU
		{9053D519-06BE-41BF-B079-B5CF8B2A89A3}.Release|Any CPU.ActiveCfg = Release|Any CPU
		{9053D519-06BE-41BF-B079-B5CF8B2A89A3}.Release|Any CPU.Build.0 = Release|Any CPU
	EndGlobalSection
	GlobalSection(SolutionProperties) = preSolution
		HideSolutionNode = FALSE
	EndGlobalSection
	GlobalSection(ExtensibilityGlobals) = postSolution
		SolutionGuid = {51C9163B-5884-4E41-A578-9C13985238B3}
	EndGlobalSection
EndGlobal
